// !$*UTF8*$!
{
	archiveVersion = 1;
	classes = {
	};
	objectVersion = 77;
	objects = {

/* Begin PBXBuildFile section */
		020A7F4437034D638682A67C /* CreateLeagueView.swift in Sources */ = {isa = PBXBuildFile; fileRef = 7A99AC0FD5D7287ADDDBC164 /* CreateLeagueView.swift */; };
		03EEA9C59A36A76A39E29AB3 /* User.swift in Sources */ = {isa = PBXBuildFile; fileRef = 86CCBDA2CCE6E9715DA96805 /* User.swift */; };
		0A186B889D36AC90DDFA6795 /* Assets.xcassets in Resources */ = {isa = PBXBuildFile; fileRef = 3DFF1FB986855FACD264B942 /* Assets.xcassets */; };
		1ABF6B47A1E2F9E5BE78DD21 /* ScreenTimeChartView.swift in Sources */ = {isa = PBXBuildFile; fileRef = 9D20E98B5328CE88A5A35EDA /* ScreenTimeChartView.swift */; };
		1C73FA4C2D92E1EA0EEF53D0 /* Theme.swift in Sources */ = {isa = PBXBuildFile; fileRef = 7B516A2A618E866EAF76DE08 /* Theme.swift */; };
		2940612BBEF6E0E74B225164 /* TuffLiveActivity.swift in Sources */ = {isa = PBXBuildFile; fileRef = DC87C06FD7128BAB177B9937 /* TuffLiveActivity.swift */; };
		2E76A4C5578CCF17C8ACCC83 /* HomeView.swift in Sources */ = {isa = PBXBuildFile; fileRef = F9F6A64B1B0C9B1E305E130E /* HomeView.swift */; };
		318740726C75DEEC10614CAB /* WidgetKit.framework in Frameworks */ = {isa = PBXBuildFile; fileRef = 854D23246747BD86857D2EA7 /* WidgetKit.framework */; };
		41D6B71DB24452F791025455 /* ProfileViewModel.swift in Sources */ = {isa = PBXBuildFile; fileRef = F23DF162A31993B916A581DB /* ProfileViewModel.swift */; };
		4B64F95A4C14505FFAA06262 /* ScreenTimeManager.swift in Sources */ = {isa = PBXBuildFile; fileRef = 3EA453900CCC88739E566FB6 /* ScreenTimeManager.swift */; };
		50CA41844FAD99B6D9A9FC4D /* TuffApp.swift in Sources */ = {isa = PBXBuildFile; fileRef = BE3F64079496ED1962BD451E /* TuffApp.swift */; };
		5D6FCAD3F3FFFD4C3D2B0F58 /* LeagueDetailSheet.swift in Sources */ = {isa = PBXBuildFile; fileRef = 9DD638A63F049BFA07CDBF4E /* LeagueDetailSheet.swift */; };
		5DEBDEAE4DCE78C5F4F98C24 /* BlockTimerAttributes.swift in Sources */ = {isa = PBXBuildFile; fileRef = 16584C51E6F908A182AF1CBE /* BlockTimerAttributes.swift */; };
		6301672CDC4410D875746673 /* StatsViewModel.swift in Sources */ = {isa = PBXBuildFile; fileRef = D89BE8CC594256ED05B0086C /* StatsViewModel.swift */; };
		63432C1875B9698339930F04 /* ShieldConfigurationExtension.swift in Sources */ = {isa = PBXBuildFile; fileRef = D37C07E37121E0FAB17CA247 /* ShieldConfigurationExtension.swift */; };
		64345E8B3394DC7D010637EE /* ProfileView.swift in Sources */ = {isa = PBXBuildFile; fileRef = 935D673557E80C6FE7B1CDF1 /* ProfileView.swift */; };
		692F8250FF4D7CC7D6266ED2 /* League.swift in Sources */ = {isa = PBXBuildFile; fileRef = 349F7929AC5B7B6F327A0FF6 /* League.swift */; };
		7842117C5C500B1772AE36EE /* Foundation.framework in Frameworks */ = {isa = PBXBuildFile; fileRef = E0058425412433F9F455AB4F /* Foundation.framework */; };
		88D420FEED3A0D721E6D35E5 /* ActivityKit.framework in Frameworks */ = {isa = PBXBuildFile; fileRef = 4414488435282DEF1F82A0F3 /* ActivityKit.framework */; };
		8AD19E016668ACAD309BDDD4 /* LeaderboardRowView.swift in Sources */ = {isa = PBXBuildFile; fileRef = C7AFFCEB12E45B356774CED9 /* LeaderboardRowView.swift */; };
		96FA6E60F06A1E589E8B5328 /* DeviceActivityMonitorExtension.swift in Sources */ = {isa = PBXBuildFile; fileRef = F08CC8CFC059AD9A8AE9931A /* DeviceActivityMonitorExtension.swift */; };
		9D91AB7247B450E4EE4DB36C /* SwiftUI.framework in Frameworks */ = {isa = PBXBuildFile; fileRef = 70EF686622536154E89620E5 /* SwiftUI.framework */; };
		A0BFA49FAB7FF4F98191B316 /* BlockTimerAttributes.swift in Sources */ = {isa = PBXBuildFile; fileRef = 16584C51E6F908A182AF1CBE /* BlockTimerAttributes.swift */; };
		A42D0096EC37EDF5B9FA65D5 /* NotificationManager.swift in Sources */ = {isa = PBXBuildFile; fileRef = 9ABAE5F4418FA24AF36A211B /* NotificationManager.swift */; };
		AA001122334455667788AABB /* SharedKeys.swift in Sources */ = {isa = PBXBuildFile; fileRef = AA001122334455667788AABC /* SharedKeys.swift */; };
		AC76B6B6EFF96EB2CBB9CFEC /* ScreenTimeData.swift in Sources */ = {isa = PBXBuildFile; fileRef = 52D24FF406404BF607297917 /* ScreenTimeData.swift */; };
		B69A2E965887F83B419B941A /* TuffLiveActivity.appex in Embed App Extensions */ = {isa = PBXBuildFile; fileRef = E6A0D0FFC4C90B02CC795104 /* TuffLiveActivity.appex */; settings = {ATTRIBUTES = (RemoveHeadersOnCopy, ); }; };
		BB001122334455667788AA01 /* TuffActivityReportApp.swift in Sources */ = {isa = PBXBuildFile; fileRef = BB001122334455667788AA02 /* TuffActivityReportApp.swift */; };
		BB001122334455667788AA03 /* TuffDailyReportScene.swift in Sources */ = {isa = PBXBuildFile; fileRef = BB001122334455667788AA04 /* TuffDailyReportScene.swift */; };
		BB001122334455667788AA05 /* TuffDailyReportView.swift in Sources */ = {isa = PBXBuildFile; fileRef = BB001122334455667788AA06 /* TuffDailyReportView.swift */; };
		BB001122334455667788AB01 /* SharedKeys.swift in Sources */ = {isa = PBXBuildFile; fileRef = AA001122334455667788AABC /* SharedKeys.swift */; };
		C49F1D7AEB9CA0DF852771CC /* StatsView.swift in Sources */ = {isa = PBXBuildFile; fileRef = 7F28A14A8186E15C301A1C9F /* StatsView.swift */; };
		C5CD3BD3D935F825A5CFD665 /* LeagueCardView.swift in Sources */ = {isa = PBXBuildFile; fileRef = FA742DE8F5095D68611C7FF9 /* LeagueCardView.swift */; };
		CBAE30B8B55D133F7DB56CB3 /* ProfileImageView.swift in Sources */ = {isa = PBXBuildFile; fileRef = 5AF3671F1DD40875E13E116D /* ProfileImageView.swift */; };
		CC001122334455667788AA01 /* TuffActivityReport.appex in Embed Foundation Extensions */ = {isa = PBXBuildFile; fileRef = BB001122334455667788AA0A /* TuffActivityReport.appex */; settings = {ATTRIBUTES = (RemoveHeadersOnCopy, ); }; };
		CC001122334455667788AA02 /* TuffDeviceActivity.appex in Embed App Extensions */ = {isa = PBXBuildFile; fileRef = BFB5002A0F5EC83C64AF1F12 /* TuffDeviceActivity.appex */; settings = {ATTRIBUTES = (RemoveHeadersOnCopy, ); }; };
		CC001122334455667788AA03 /* TuffShieldConfiguration.appex in Embed App Extensions */ = {isa = PBXBuildFile; fileRef = 800FADA069A7C8B05029C021 /* TuffShieldConfiguration.appex */; settings = {ATTRIBUTES = (RemoveHeadersOnCopy, ); }; };
		D39F08284DAC58B9434BDEC3 /* ContentView.swift in Sources */ = {isa = PBXBuildFile; fileRef = 2B20E94174CF30E8FFF26D8A /* ContentView.swift */; };
		DA001122334455667788AABB /* SharedKeys.swift in Sources */ = {isa = PBXBuildFile; fileRef = AA001122334455667788AABC /* SharedKeys.swift */; };
		DA001122334455667788BB01 /* DeviceActivity.framework in Frameworks */ = {isa = PBXBuildFile; fileRef = DD001122334455667788AA02 /* DeviceActivity.framework */; };
		DA001122334455667788BB02 /* ExtensionFoundation.framework in Frameworks */ = {isa = PBXBuildFile; fileRef = DD001122334455667788AA07 /* ExtensionFoundation.framework */; };
		DA001122334455667788BB03 /* ExtensionKit.framework in Frameworks */ = {isa = PBXBuildFile; fileRef = DD001122334455667788AA09 /* ExtensionKit.framework */; };
		DA001122334455667788BC01 /* ActivityKit.framework in Frameworks */ = {isa = PBXBuildFile; fileRef = 4414488435282DEF1F82A0F3 /* ActivityKit.framework */; };
		DA001122334455667788BC02 /* BlockTimerAttributes.swift in Sources */ = {isa = PBXBuildFile; fileRef = 16584C51E6F908A182AF1CBE /* BlockTimerAttributes.swift */; };
		DB5CD2E5EE6267E98DD8EFAD /* HomeViewModel.swift in Sources */ = {isa = PBXBuildFile; fileRef = 3D15B25B75621633E16BA8D3 /* HomeViewModel.swift */; };
		DD001122334455667788AA01 /* DeviceActivity.framework in Frameworks */ = {isa = PBXBuildFile; fileRef = DD001122334455667788AA02 /* DeviceActivity.framework */; };
		DD001122334455667788AA04 /* _DeviceActivity_SwiftUI.framework in Frameworks */ = {isa = PBXBuildFile; fileRef = DD001122334455667788AA05 /* _DeviceActivity_SwiftUI.framework */; };
		DD001122334455667788AA06 /* ExtensionFoundation.framework in Frameworks */ = {isa = PBXBuildFile; fileRef = DD001122334455667788AA07 /* ExtensionFoundation.framework */; };
		DD001122334455667788AA08 /* ExtensionKit.framework in Frameworks */ = {isa = PBXBuildFile; fileRef = DD001122334455667788AA09 /* ExtensionKit.framework */; };
		DD001122334455667788AA10 /* SwiftUI.framework in Frameworks */ = {isa = PBXBuildFile; fileRef = DD001122334455667788AA11 /* SwiftUI.framework */; };
		E69A83DBACD63B28881AD279 /* FriendCarouselView.swift in Sources */ = {isa = PBXBuildFile; fileRef = 146D5441632C22A67744C333 /* FriendCarouselView.swift */; };
		ED17F9694E0EC6B5B0D9B5C9 /* LeagueHistoryRow.swift in Sources */ = {isa = PBXBuildFile; fileRef = E19A20D88869999A0353DD4C /* LeagueHistoryRow.swift */; };
		EE001122334455667788AA01 /* ShieldActionExtension.swift in Sources */ = {isa = PBXBuildFile; fileRef = EE001122334455667788AA02 /* ShieldActionExtension.swift */; };
		EE001122334455667788AA04 /* TuffShieldAction.appex in Embed App Extensions */ = {isa = PBXBuildFile; fileRef = EE001122334455667788AA03 /* TuffShieldAction.appex */; settings = {ATTRIBUTES = (RemoveHeadersOnCopy, ); }; };
		F1B2C3D4E5F60718293A4B5C /* RemoteImageCache.swift in Sources */ = {isa = PBXBuildFile; fileRef = F1B2C3D4E5F60718293A4B5D /* RemoteImageCache.swift */; };
		FA001122334455667788AA01 /* AuthViewModel.swift in Sources */ = {isa = PBXBuildFile; fileRef = FA001122334455667788AA02 /* AuthViewModel.swift */; };
		FA001122334455667788AA03 /* PhoneSignInView.swift in Sources */ = {isa = PBXBuildFile; fileRef = FA001122334455667788AA04 /* PhoneSignInView.swift */; };
		FA001122334455667788AA07 /* OnboardingView.swift in Sources */ = {isa = PBXBuildFile; fileRef = FA001122334455667788AA08 /* OnboardingView.swift */; };
		FB001122334455667788AA01 /* FirebaseAuth in Frameworks */ = {isa = PBXBuildFile; productRef = 0F8ECA6E2F67354D0030B373 /* FirebaseAuth */; };
		FB001122334455667788AA02 /* FirebaseCore in Frameworks */ = {isa = PBXBuildFile; productRef = 0F8ECA6F2F67354D0030B373 /* FirebaseCore */; };
		FB001122334455667788AA03 /* FirebaseFirestore in Frameworks */ = {isa = PBXBuildFile; productRef = 0F8ECA702F6735740030B373 /* FirebaseFirestore */; };
		FB001122334455667788AA04 /* FirebaseStorage in Frameworks */ = {isa = PBXBuildFile; productRef = 0F8ECA712F6735740030B374 /* FirebaseStorage */; };
		FB001122334455667788AB09 /* ImagePicker.swift in Sources */ = {isa = PBXBuildFile; fileRef = FB001122334455667788AB08 /* ImagePicker.swift */; };
		FC001122334455667788AA01 /* GoogleService-Info.plist in Resources */ = {isa = PBXBuildFile; fileRef = FC001122334455667788AA03 /* GoogleService-Info.plist */; };
		FC001122334455667788AA02 /* FeedView.swift in Sources */ = {isa = PBXBuildFile; fileRef = FDBB0001223344556677AA01 /* FeedView.swift */; };
		FC001122334455667788AA04 /* BlockView.swift in Sources */ = {isa = PBXBuildFile; fileRef = FDBB0003223344556677AA03 /* BlockView.swift */; };
		FC001122334455667788AA06 /* SearchView.swift in Sources */ = {isa = PBXBuildFile; fileRef = FC001122334455667788AA05 /* SearchView.swift */; };
		FC001122334455667788AA10 /* SettingsView.swift in Sources */ = {isa = PBXBuildFile; fileRef = FC001122334455667788AA09 /* SettingsView.swift */; };
/* End PBXBuildFile section */

/* Begin PBXContainerItemProxy section */
		C5E518437F9A814897E2B72F /* PBXContainerItemProxy */ = {
			isa = PBXContainerItemProxy;
			containerPortal = CACFD2EBBD3ED61D67074E70 /* Project object */;
			proxyType = 1;
			remoteGlobalIDString = A49E0A94DFAE06CE0E2EBAC4;
			remoteInfo = TuffLiveActivity;
		};
		DA001122334455667788BB20 /* PBXContainerItemProxy */ = {
			isa = PBXContainerItemProxy;
			containerPortal = CACFD2EBBD3ED61D67074E70 /* Project object */;
			proxyType = 1;
			remoteGlobalIDString = 307FFB2C2F6506A5A6126A08;
			remoteInfo = TuffDeviceActivity;
		};
		DA001122334455667788BB21 /* PBXContainerItemProxy */ = {
			isa = PBXContainerItemProxy;
			containerPortal = CACFD2EBBD3ED61D67074E70 /* Project object */;
			proxyType = 1;
			remoteGlobalIDString = BB001122334455667788AA0C;
			remoteInfo = TuffActivityReport;
		};
		DA001122334455667788BB22 /* PBXContainerItemProxy */ = {
			isa = PBXContainerItemProxy;
			containerPortal = CACFD2EBBD3ED61D67074E70 /* Project object */;
			proxyType = 1;
			remoteGlobalIDString = 23D9EDF1650F12E136CD1A3C;
			remoteInfo = TuffShieldConfiguration;
		};
		DA001122334455667788BB23 /* PBXContainerItemProxy */ = {
			isa = PBXContainerItemProxy;
			containerPortal = CACFD2EBBD3ED61D67074E70 /* Project object */;
			proxyType = 1;
			remoteGlobalIDString = EE001122334455667788AA07;
			remoteInfo = TuffShieldAction;
		};
/* End PBXContainerItemProxy section */

/* Begin PBXCopyFilesBuildPhase section */
		CC001122334455667788AA04 /* Embed App Extensions */ = {
			isa = PBXCopyFilesBuildPhase;
			buildActionMask = 2147483647;
			dstPath = "";
			dstSubfolderSpec = 13;
			files = (
				CC001122334455667788AA02 /* TuffDeviceActivity.appex in Embed App Extensions */,
				CC001122334455667788AA03 /* TuffShieldConfiguration.appex in Embed App Extensions */,
				EE001122334455667788AA04 /* TuffShieldAction.appex in Embed App Extensions */,
				B69A2E965887F83B419B941A /* TuffLiveActivity.appex in Embed App Extensions */,
			);
			name = "Embed App Extensions";
			runOnlyForDeploymentPostprocessing = 0;
		};
		CC001122334455667788BB01 /* Embed Foundation Extensions */ = {
			isa = PBXCopyFilesBuildPhase;
			buildActionMask = 2147483647;
			dstPath = "$(EXTENSIONS_FOLDER_PATH)";
			dstSubfolderSpec = 16;
			files = (
				CC001122334455667788AA01 /* TuffActivityReport.appex in Embed Foundation Extensions */,
			);
			name = "Embed Foundation Extensions";
			runOnlyForDeploymentPostprocessing = 0;
		};
/* End PBXCopyFilesBuildPhase section */

/* Begin PBXFileReference section */
		146D5441632C22A67744C333 /* FriendCarouselView.swift */ = {isa = PBXFileReference; lastKnownFileType = sourcecode.swift; path = FriendCarouselView.swift; sourceTree = "<group>"; };
		16584C51E6F908A182AF1CBE /* BlockTimerAttributes.swift */ = {isa = PBXFileReference; includeInIndex = 1; lastKnownFileType = sourcecode.swift; path = BlockTimerAttributes.swift; sourceTree = "<group>"; };
		2B20E94174CF30E8FFF26D8A /* ContentView.swift */ = {isa = PBXFileReference; lastKnownFileType = sourcecode.swift; path = ContentView.swift; sourceTree = "<group>"; };
		349F7929AC5B7B6F327A0FF6 /* League.swift */ = {isa = PBXFileReference; lastKnownFileType = sourcecode.swift; path = League.swift; sourceTree = "<group>"; };
		3D15B25B75621633E16BA8D3 /* HomeViewModel.swift */ = {isa = PBXFileReference; lastKnownFileType = sourcecode.swift; path = HomeViewModel.swift; sourceTree = "<group>"; };
		3DFF1FB986855FACD264B942 /* Assets.xcassets */ = {isa = PBXFileReference; lastKnownFileType = folder.assetcatalog; path = Assets.xcassets; sourceTree = "<group>"; };
		3EA453900CCC88739E566FB6 /* ScreenTimeManager.swift */ = {isa = PBXFileReference; lastKnownFileType = sourcecode.swift; path = ScreenTimeManager.swift; sourceTree = "<group>"; };
		4414488435282DEF1F82A0F3 /* ActivityKit.framework */ = {isa = PBXFileReference; lastKnownFileType = wrapper.framework; name = ActivityKit.framework; path = System/Library/Frameworks/ActivityKit.framework; sourceTree = SDKROOT; };
		4D50587DEA21E82879BDC096 /* Info.plist */ = {isa = PBXFileReference; includeInIndex = 1; lastKnownFileType = text.plist.xml; path = Info.plist; sourceTree = "<group>"; };
		52D24FF406404BF607297917 /* ScreenTimeData.swift */ = {isa = PBXFileReference; lastKnownFileType = sourcecode.swift; path = ScreenTimeData.swift; sourceTree = "<group>"; };
		5AF3671F1DD40875E13E116D /* ProfileImageView.swift */ = {isa = PBXFileReference; lastKnownFileType = sourcecode.swift; path = ProfileImageView.swift; sourceTree = "<group>"; };
		60D71B943F1CF2EC9AB91009 /* TuffLiveActivity.entitlements */ = {isa = PBXFileReference; includeInIndex = 1; lastKnownFileType = text.plist.entitlements; path = TuffLiveActivity.entitlements; sourceTree = "<group>"; };
		6BA99A1335B787C8FC8504DE /* Tuff.app */ = {isa = PBXFileReference; explicitFileType = wrapper.application; includeInIndex = 0; path = Tuff.app; sourceTree = BUILT_PRODUCTS_DIR; };
		70EF686622536154E89620E5 /* SwiftUI.framework */ = {isa = PBXFileReference; lastKnownFileType = wrapper.framework; name = SwiftUI.framework; path = System/Library/Frameworks/SwiftUI.framework; sourceTree = SDKROOT; };
		7A99AC0FD5D7287ADDDBC164 /* CreateLeagueView.swift */ = {isa = PBXFileReference; lastKnownFileType = sourcecode.swift; path = CreateLeagueView.swift; sourceTree = "<group>"; };
		7B516A2A618E866EAF76DE08 /* Theme.swift */ = {isa = PBXFileReference; lastKnownFileType = sourcecode.swift; path = Theme.swift; sourceTree = "<group>"; };
		7F28A14A8186E15C301A1C9F /* StatsView.swift */ = {isa = PBXFileReference; lastKnownFileType = sourcecode.swift; path = StatsView.swift; sourceTree = "<group>"; };
		800FADA069A7C8B05029C021 /* TuffShieldConfiguration.appex */ = {isa = PBXFileReference; explicitFileType = "wrapper.app-extension"; includeInIndex = 0; path = TuffShieldConfiguration.appex; sourceTree = BUILT_PRODUCTS_DIR; };
		854D23246747BD86857D2EA7 /* WidgetKit.framework */ = {isa = PBXFileReference; lastKnownFileType = wrapper.framework; name = WidgetKit.framework; path = System/Library/Frameworks/WidgetKit.framework; sourceTree = SDKROOT; };
		86CCBDA2CCE6E9715DA96805 /* User.swift */ = {isa = PBXFileReference; lastKnownFileType = sourcecode.swift; path = User.swift; sourceTree = "<group>"; };
		935D673557E80C6FE7B1CDF1 /* ProfileView.swift */ = {isa = PBXFileReference; lastKnownFileType = sourcecode.swift; path = ProfileView.swift; sourceTree = "<group>"; };
		9ABAE5F4418FA24AF36A211B /* NotificationManager.swift */ = {isa = PBXFileReference; lastKnownFileType = sourcecode.swift; path = NotificationManager.swift; sourceTree = "<group>"; };
		9D20E98B5328CE88A5A35EDA /* ScreenTimeChartView.swift */ = {isa = PBXFileReference; lastKnownFileType = sourcecode.swift; path = ScreenTimeChartView.swift; sourceTree = "<group>"; };
		9DD638A63F049BFA07CDBF4E /* LeagueDetailSheet.swift */ = {isa = PBXFileReference; lastKnownFileType = sourcecode.swift; path = LeagueDetailSheet.swift; sourceTree = "<group>"; };
		AA001122334455667788AABC /* SharedKeys.swift */ = {isa = PBXFileReference; lastKnownFileType = sourcecode.swift; path = SharedKeys.swift; sourceTree = "<group>"; };
		BB001122334455667788AA02 /* TuffActivityReportApp.swift */ = {isa = PBXFileReference; lastKnownFileType = sourcecode.swift; path = TuffActivityReportApp.swift; sourceTree = "<group>"; };
		BB001122334455667788AA04 /* TuffDailyReportScene.swift */ = {isa = PBXFileReference; lastKnownFileType = sourcecode.swift; path = TuffDailyReportScene.swift; sourceTree = "<group>"; };
		BB001122334455667788AA06 /* TuffDailyReportView.swift */ = {isa = PBXFileReference; lastKnownFileType = sourcecode.swift; path = TuffDailyReportView.swift; sourceTree = "<group>"; };
		BB001122334455667788AA08 /* Info.plist */ = {isa = PBXFileReference; lastKnownFileType = text.plist; path = Info.plist; sourceTree = "<group>"; };
		BB001122334455667788AA09 /* TuffActivityReport.entitlements */ = {isa = PBXFileReference; lastKnownFileType = text.plist.entitlements; path = TuffActivityReport.entitlements; sourceTree = "<group>"; };
		BB001122334455667788AA0A /* TuffActivityReport.appex */ = {isa = PBXFileReference; explicitFileType = "wrapper.app-extension"; includeInIndex = 0; path = TuffActivityReport.appex; sourceTree = BUILT_PRODUCTS_DIR; };
		BE3F64079496ED1962BD451E /* TuffApp.swift */ = {isa = PBXFileReference; lastKnownFileType = sourcecode.swift; path = TuffApp.swift; sourceTree = "<group>"; };
		BFB5002A0F5EC83C64AF1F12 /* TuffDeviceActivity.appex */ = {isa = PBXFileReference; explicitFileType = "wrapper.app-extension"; includeInIndex = 0; path = TuffDeviceActivity.appex; sourceTree = BUILT_PRODUCTS_DIR; };
		C7AFFCEB12E45B356774CED9 /* LeaderboardRowView.swift */ = {isa = PBXFileReference; lastKnownFileType = sourcecode.swift; path = LeaderboardRowView.swift; sourceTree = "<group>"; };
		D172378BAEC9ADB0E3BC5BC9 /* Info.plist */ = {isa = PBXFileReference; lastKnownFileType = text.plist; path = Info.plist; sourceTree = "<group>"; };
		D37C07E37121E0FAB17CA247 /* ShieldConfigurationExtension.swift */ = {isa = PBXFileReference; lastKnownFileType = sourcecode.swift; path = ShieldConfigurationExtension.swift; sourceTree = "<group>"; };
		D6E5D92630BDD5ABF24081A9 /* Tuff.entitlements */ = {isa = PBXFileReference; lastKnownFileType = text.plist.entitlements; path = Tuff.entitlements; sourceTree = "<group>"; };
		D89BE8CC594256ED05B0086C /* StatsViewModel.swift */ = {isa = PBXFileReference; lastKnownFileType = sourcecode.swift; path = StatsViewModel.swift; sourceTree = "<group>"; };
		DC87C06FD7128BAB177B9937 /* TuffLiveActivity.swift */ = {isa = PBXFileReference; includeInIndex = 1; lastKnownFileType = sourcecode.swift; path = TuffLiveActivity.swift; sourceTree = "<group>"; };
		DD001122334455667788AA02 /* DeviceActivity.framework */ = {isa = PBXFileReference; lastKnownFileType = wrapper.framework; name = DeviceActivity.framework; path = System/Library/Frameworks/DeviceActivity.framework; sourceTree = SDKROOT; };
		DD001122334455667788AA05 /* _DeviceActivity_SwiftUI.framework */ = {isa = PBXFileReference; lastKnownFileType = wrapper.framework; name = _DeviceActivity_SwiftUI.framework; path = System/Library/Frameworks/_DeviceActivity_SwiftUI.framework; sourceTree = SDKROOT; };
		DD001122334455667788AA07 /* ExtensionFoundation.framework */ = {isa = PBXFileReference; lastKnownFileType = wrapper.framework; name = ExtensionFoundation.framework; path = System/Library/Frameworks/ExtensionFoundation.framework; sourceTree = SDKROOT; };
		DD001122334455667788AA09 /* ExtensionKit.framework */ = {isa = PBXFileReference; lastKnownFileType = wrapper.framework; name = ExtensionKit.framework; path = System/Library/Frameworks/ExtensionKit.framework; sourceTree = SDKROOT; };
		DD001122334455667788AA11 /* SwiftUI.framework */ = {isa = PBXFileReference; lastKnownFileType = wrapper.framework; name = SwiftUI.framework; path = System/Library/Frameworks/SwiftUI.framework; sourceTree = SDKROOT; };
		E0058425412433F9F455AB4F /* Foundation.framework */ = {isa = PBXFileReference; lastKnownFileType = wrapper.framework; name = Foundation.framework; path = Platforms/iPhoneOS.platform/Developer/SDKs/iPhoneOS18.0.sdk/System/Library/Frameworks/Foundation.framework; sourceTree = DEVELOPER_DIR; };
		E19A20D88869999A0353DD4C /* LeagueHistoryRow.swift */ = {isa = PBXFileReference; lastKnownFileType = sourcecode.swift; path = LeagueHistoryRow.swift; sourceTree = "<group>"; };
		E6A0D0FFC4C90B02CC795104 /* TuffLiveActivity.appex */ = {isa = PBXFileReference; explicitFileType = "wrapper.app-extension"; includeInIndex = 0; path = TuffLiveActivity.appex; sourceTree = BUILT_PRODUCTS_DIR; };
		E96F63DD46B3821E1B7FDFFA /* Info.plist */ = {isa = PBXFileReference; lastKnownFileType = text.plist; path = Info.plist; sourceTree = "<group>"; };
		EE001122334455667788AA02 /* ShieldActionExtension.swift */ = {isa = PBXFileReference; lastKnownFileType = sourcecode.swift; path = ShieldActionExtension.swift; sourceTree = "<group>"; };
		EE001122334455667788AA03 /* TuffShieldAction.appex */ = {isa = PBXFileReference; explicitFileType = "wrapper.app-extension"; includeInIndex = 0; path = TuffShieldAction.appex; sourceTree = BUILT_PRODUCTS_DIR; };
		EE001122334455667788AA05 /* Info.plist */ = {isa = PBXFileReference; lastKnownFileType = text.plist.xml; path = Info.plist; sourceTree = "<group>"; };
		F08CC8CFC059AD9A8AE9931A /* DeviceActivityMonitorExtension.swift */ = {isa = PBXFileReference; lastKnownFileType = sourcecode.swift; path = DeviceActivityMonitorExtension.swift; sourceTree = "<group>"; };
		F1B2C3D4E5F60718293A4B5D /* RemoteImageCache.swift */ = {isa = PBXFileReference; lastKnownFileType = sourcecode.swift; path = RemoteImageCache.swift; sourceTree = "<group>"; };
		F23DF162A31993B916A581DB /* ProfileViewModel.swift */ = {isa = PBXFileReference; lastKnownFileType = sourcecode.swift; path = ProfileViewModel.swift; sourceTree = "<group>"; };
		F9F6A64B1B0C9B1E305E130E /* HomeView.swift */ = {isa = PBXFileReference; lastKnownFileType = sourcecode.swift; path = HomeView.swift; sourceTree = "<group>"; };
		FA001122334455667788AA02 /* AuthViewModel.swift */ = {isa = PBXFileReference; lastKnownFileType = sourcecode.swift; path = AuthViewModel.swift; sourceTree = "<group>"; };
		FA001122334455667788AA04 /* PhoneSignInView.swift */ = {isa = PBXFileReference; lastKnownFileType = sourcecode.swift; path = PhoneSignInView.swift; sourceTree = "<group>"; };
		FA001122334455667788AA06 /* Info.plist */ = {isa = PBXFileReference; lastKnownFileType = text.plist.xml; path = Info.plist; sourceTree = "<group>"; };
		FA001122334455667788AA08 /* OnboardingView.swift */ = {isa = PBXFileReference; lastKnownFileType = sourcecode.swift; path = OnboardingView.swift; sourceTree = "<group>"; };
		FA742DE8F5095D68611C7FF9 /* LeagueCardView.swift */ = {isa = PBXFileReference; lastKnownFileType = sourcecode.swift; path = LeagueCardView.swift; sourceTree = "<group>"; };
		FB001122334455667788AB08 /* ImagePicker.swift */ = {isa = PBXFileReference; lastKnownFileType = sourcecode.swift; path = ImagePicker.swift; sourceTree = "<group>"; };
		FC001122334455667788AA03 /* GoogleService-Info.plist */ = {isa = PBXFileReference; lastKnownFileType = text.plist.xml; path = "GoogleService-Info.plist"; sourceTree = "<group>"; };
		FC001122334455667788AA05 /* SearchView.swift */ = {isa = PBXFileReference; lastKnownFileType = sourcecode.swift; path = SearchView.swift; sourceTree = "<group>"; };
		FC001122334455667788AA09 /* SettingsView.swift */ = {isa = PBXFileReference; lastKnownFileType = sourcecode.swift; path = SettingsView.swift; sourceTree = "<group>"; };
		FDBB0001223344556677AA01 /* FeedView.swift */ = {isa = PBXFileReference; lastKnownFileType = sourcecode.swift; path = FeedView.swift; sourceTree = "<group>"; };
		FDBB0003223344556677AA03 /* BlockView.swift */ = {isa = PBXFileReference; lastKnownFileType = sourcecode.swift; path = BlockView.swift; sourceTree = "<group>"; };
		FF001122334455667788AA01 /* TuffShieldConfiguration.entitlements */ = {isa = PBXFileReference; lastKnownFileType = text.plist.entitlements; path = TuffShieldConfiguration.entitlements; sourceTree = "<group>"; };
		FF001122334455667788AA02 /* TuffShieldAction.entitlements */ = {isa = PBXFileReference; lastKnownFileType = text.plist.entitlements; path = TuffShieldAction.entitlements; sourceTree = "<group>"; };
/* End PBXFileReference section */

/* Begin PBXFrameworksBuildPhase section */
		3B4470A85313C313DA3F4268 /* Frameworks */ = {
			isa = PBXFrameworksBuildPhase;
			buildActionMask = 2147483647;
			files = (
				7842117C5C500B1772AE36EE /* Foundation.framework in Frameworks */,
				318740726C75DEEC10614CAB /* WidgetKit.framework in Frameworks */,
				88D420FEED3A0D721E6D35E5 /* ActivityKit.framework in Frameworks */,
				9D91AB7247B450E4EE4DB36C /* SwiftUI.framework in Frameworks */,
			);
			runOnlyForDeploymentPostprocessing = 0;
		};
		DA001122334455667788BB10 /* Frameworks */ = {
			isa = PBXFrameworksBuildPhase;
			buildActionMask = 2147483647;
			files = (
				DA001122334455667788BB01 /* DeviceActivity.framework in Frameworks */,
				DA001122334455667788BB02 /* ExtensionFoundation.framework in Frameworks */,
				DA001122334455667788BB03 /* ExtensionKit.framework in Frameworks */,
				DA001122334455667788BC01 /* ActivityKit.framework in Frameworks */,
			);
			runOnlyForDeploymentPostprocessing = 0;
		};
		DD001122334455667788AA03 /* Frameworks */ = {
			isa = PBXFrameworksBuildPhase;
			buildActionMask = 2147483647;
			files = (
				DD001122334455667788AA04 /* _DeviceActivity_SwiftUI.framework in Frameworks */,
				DD001122334455667788AA01 /* DeviceActivity.framework in Frameworks */,
				DD001122334455667788AA06 /* ExtensionFoundation.framework in Frameworks */,
				DD001122334455667788AA08 /* ExtensionKit.framework in Frameworks */,
				DD001122334455667788AA10 /* SwiftUI.framework in Frameworks */,
			);
			runOnlyForDeploymentPostprocessing = 0;
		};
		FB001122334455667788AA00 /* Frameworks */ = {
			isa = PBXFrameworksBuildPhase;
			buildActionMask = 2147483647;
			files = (
				FB001122334455667788AA01 /* FirebaseAuth in Frameworks */,
				FB001122334455667788AA02 /* FirebaseCore in Frameworks */,
				FB001122334455667788AA03 /* FirebaseFirestore in Frameworks */,
				FB001122334455667788AA04 /* FirebaseStorage in Frameworks */,
			);
			runOnlyForDeploymentPostprocessing = 0;
		};
/* End PBXFrameworksBuildPhase section */

/* Begin PBXGroup section */
		036FF8E587CC20460024E270 /* Home */ = {
			isa = PBXGroup;
			children = (
				FDBB0001223344556677AA01 /* FeedView.swift */,
				146D5441632C22A67744C333 /* FriendCarouselView.swift */,
				F9F6A64B1B0C9B1E305E130E /* HomeView.swift */,
				FA742DE8F5095D68611C7FF9 /* LeagueCardView.swift */,
			);
			path = Home;
			sourceTree = "<group>";
		};
		06C52E49D012408CDECC5B24 /* TuffShieldConfiguration */ = {
			isa = PBXGroup;
			children = (
				D172378BAEC9ADB0E3BC5BC9 /* Info.plist */,
				D37C07E37121E0FAB17CA247 /* ShieldConfigurationExtension.swift */,
				FF001122334455667788AA01 /* TuffShieldConfiguration.entitlements */,
			);
			path = TuffShieldConfiguration;
			sourceTree = "<group>";
		};
		0F8EC9C82F66510A0030B373 /* Recovered References */ = {
			isa = PBXGroup;
			children = (
				DD001122334455667788AA05 /* _DeviceActivity_SwiftUI.framework */,
				DD001122334455667788AA02 /* DeviceActivity.framework */,
				DD001122334455667788AA07 /* ExtensionFoundation.framework */,
				DD001122334455667788AA09 /* ExtensionKit.framework */,
				DD001122334455667788AA11 /* SwiftUI.framework */,
			);
			name = "Recovered References";
			sourceTree = "<group>";
		};
		26316C8CE11E8D330230C222 /* Profile */ = {
			isa = PBXGroup;
			children = (
				FC001122334455667788AA05 /* SearchView.swift */,
				FC001122334455667788AA09 /* SettingsView.swift */,
				E19A20D88869999A0353DD4C /* LeagueHistoryRow.swift */,
				935D673557E80C6FE7B1CDF1 /* ProfileView.swift */,
			);
			path = Profile;
			sourceTree = "<group>";
		};
		299A17DDB8CC1C975A2F99DD /* TuffLiveActivity */ = {
			isa = PBXGroup;
			children = (
				DC87C06FD7128BAB177B9937 /* TuffLiveActivity.swift */,
				4D50587DEA21E82879BDC096 /* Info.plist */,
				60D71B943F1CF2EC9AB91009 /* TuffLiveActivity.entitlements */,
			);
			path = TuffLiveActivity;
			sourceTree = "<group>";
		};
		3A111654C6356B1BB1FFE270 /* Tuff */ = {
			isa = PBXGroup;
			children = (
				3DFF1FB986855FACD264B942 /* Assets.xcassets */,
				D6E5D92630BDD5ABF24081A9 /* Tuff.entitlements */,
				85FD8D815E5AA77C798E2A0A /* App */,
				B872D63DF7229E750E840990 /* Models */,
				BBB4CA74DCE6681199FA612A /* Services */,
				ECC09A47BEEB5D6BAB34425A /* Theme */,
				6C2CB43262FB58F0014AD53C /* ViewModels */,
				94AB77CCA7E56422705A20D3 /* Views */,
			);
			path = Tuff;
			sourceTree = "<group>";
		};
		4B265213CFBD1196AA730347 = {
			isa = PBXGroup;
			children = (
				3A111654C6356B1BB1FFE270 /* Tuff */,
				FC001122334455667788AA03 /* GoogleService-Info.plist */,
				8971905DB8D9EC96C9B954F6 /* TuffDeviceActivity */,
				06C52E49D012408CDECC5B24 /* TuffShieldConfiguration */,
				EE001122334455667788AA06 /* TuffShieldAction */,
				BB001122334455667788AA0B /* TuffActivityReport */,
				5C6CD904F0FCC3C1E192B78F /* Products */,
				0F8EC9C82F66510A0030B373 /* Recovered References */,
				8A2925D38F34B4D1E32A5F9C /* Frameworks */,
				299A17DDB8CC1C975A2F99DD /* TuffLiveActivity */,
			);
			sourceTree = "<group>";
		};
		5C6CD904F0FCC3C1E192B78F /* Products */ = {
			isa = PBXGroup;
			children = (
				6BA99A1335B787C8FC8504DE /* Tuff.app */,
				BFB5002A0F5EC83C64AF1F12 /* TuffDeviceActivity.appex */,
				800FADA069A7C8B05029C021 /* TuffShieldConfiguration.appex */,
				EE001122334455667788AA03 /* TuffShieldAction.appex */,
				BB001122334455667788AA0A /* TuffActivityReport.appex */,
				E6A0D0FFC4C90B02CC795104 /* TuffLiveActivity.appex */,
			);
			name = Products;
			sourceTree = "<group>";
		};
		6C2CB43262FB58F0014AD53C /* ViewModels */ = {
			isa = PBXGroup;
			children = (
				FA001122334455667788AA02 /* AuthViewModel.swift */,
				3D15B25B75621633E16BA8D3 /* HomeViewModel.swift */,
				F23DF162A31993B916A581DB /* ProfileViewModel.swift */,
				D89BE8CC594256ED05B0086C /* StatsViewModel.swift */,
			);
			path = ViewModels;
			sourceTree = "<group>";
		};
		85FD8D815E5AA77C798E2A0A /* App */ = {
			isa = PBXGroup;
			children = (
				2B20E94174CF30E8FFF26D8A /* ContentView.swift */,
				FA001122334455667788AA06 /* Info.plist */,
				BE3F64079496ED1962BD451E /* TuffApp.swift */,
			);
			path = App;
			sourceTree = "<group>";
		};
		8971905DB8D9EC96C9B954F6 /* TuffDeviceActivity */ = {
			isa = PBXGroup;
			children = (
				F08CC8CFC059AD9A8AE9931A /* DeviceActivityMonitorExtension.swift */,
				E96F63DD46B3821E1B7FDFFA /* Info.plist */,
			);
			path = TuffDeviceActivity;
			sourceTree = "<group>";
		};
		8A2925D38F34B4D1E32A5F9C /* Frameworks */ = {
			isa = PBXGroup;
			children = (
				DD77EC3BEE154288DAB7CCD2 /* iOS */,
				854D23246747BD86857D2EA7 /* WidgetKit.framework */,
				4414488435282DEF1F82A0F3 /* ActivityKit.framework */,
				70EF686622536154E89620E5 /* SwiftUI.framework */,
			);
			name = Frameworks;
			sourceTree = "<group>";
		};
		94AB77CCA7E56422705A20D3 /* Views */ = {
			isa = PBXGroup;
			children = (
				FA001122334455667788AA05 /* Auth */,
				F6384DA9BC5DD584CADF88CD /* Components */,
				036FF8E587CC20460024E270 /* Home */,
				A7F3C6815C5CE76F6744DB73 /* League */,
				26316C8CE11E8D330230C222 /* Profile */,
				E8760AFEE004F5A7CCE7B2A2 /* Stats */,
			);
			path = Views;
			sourceTree = "<group>";
		};
		A7F3C6815C5CE76F6744DB73 /* League */ = {
			isa = PBXGroup;
			children = (
				7A99AC0FD5D7287ADDDBC164 /* CreateLeagueView.swift */,
				C7AFFCEB12E45B356774CED9 /* LeaderboardRowView.swift */,
				9DD638A63F049BFA07CDBF4E /* LeagueDetailSheet.swift */,
			);
			path = League;
			sourceTree = "<group>";
		};
		B872D63DF7229E750E840990 /* Models */ = {
			isa = PBXGroup;
			children = (
				349F7929AC5B7B6F327A0FF6 /* League.swift */,
				52D24FF406404BF607297917 /* ScreenTimeData.swift */,
				86CCBDA2CCE6E9715DA96805 /* User.swift */,
				AA001122334455667788AABC /* SharedKeys.swift */,
			);
			path = Models;
			sourceTree = "<group>";
		};
		BB001122334455667788AA0B /* TuffActivityReport */ = {
			isa = PBXGroup;
			children = (
				BB001122334455667788AA02 /* TuffActivityReportApp.swift */,
				BB001122334455667788AA04 /* TuffDailyReportScene.swift */,
				BB001122334455667788AA06 /* TuffDailyReportView.swift */,
				BB001122334455667788AA08 /* Info.plist */,
				BB001122334455667788AA09 /* TuffActivityReport.entitlements */,
			);
			path = TuffActivityReport;
			sourceTree = "<group>";
		};
		BBB4CA74DCE6681199FA612A /* Services */ = {
			isa = PBXGroup;
			children = (
				9ABAE5F4418FA24AF36A211B /* NotificationManager.swift */,
				3EA453900CCC88739E566FB6 /* ScreenTimeManager.swift */,
				16584C51E6F908A182AF1CBE /* BlockTimerAttributes.swift */,
				F1B2C3D4E5F60718293A4B5D /* RemoteImageCache.swift */,
			);
			path = Services;
			sourceTree = "<group>";
		};
		DD77EC3BEE154288DAB7CCD2 /* iOS */ = {
			isa = PBXGroup;
			children = (
				E0058425412433F9F455AB4F /* Foundation.framework */,
			);
			name = iOS;
			sourceTree = "<group>";
		};
		E8760AFEE004F5A7CCE7B2A2 /* Stats */ = {
			isa = PBXGroup;
			children = (
				FDBB0003223344556677AA03 /* BlockView.swift */,
				9D20E98B5328CE88A5A35EDA /* ScreenTimeChartView.swift */,
				7F28A14A8186E15C301A1C9F /* StatsView.swift */,
			);
			path = Stats;
			sourceTree = "<group>";
		};
		ECC09A47BEEB5D6BAB34425A /* Theme */ = {
			isa = PBXGroup;
			children = (
				7B516A2A618E866EAF76DE08 /* Theme.swift */,
			);
			path = Theme;
			sourceTree = "<group>";
		};
		EE001122334455667788AA06 /* TuffShieldAction */ = {
			isa = PBXGroup;
			children = (
				EE001122334455667788AA02 /* ShieldActionExtension.swift */,
				EE001122334455667788AA05 /* Info.plist */,
				FF001122334455667788AA02 /* TuffShieldAction.entitlements */,
			);
			path = TuffShieldAction;
			sourceTree = "<group>";
		};
		F6384DA9BC5DD584CADF88CD /* Components */ = {
			isa = PBXGroup;
			children = (
				5AF3671F1DD40875E13E116D /* ProfileImageView.swift */,
				FB001122334455667788AB08 /* ImagePicker.swift */,
			);
			path = Components;
			sourceTree = "<group>";
		};
		FA001122334455667788AA05 /* Auth */ = {
			isa = PBXGroup;
			children = (
				FA001122334455667788AA08 /* OnboardingView.swift */,
				FA001122334455667788AA04 /* PhoneSignInView.swift */,
			);
			path = Auth;
			sourceTree = "<group>";
		};
/* End PBXGroup section */

/* Begin PBXNativeTarget section */
		23D9EDF1650F12E136CD1A3C /* TuffShieldConfiguration */ = {
			isa = PBXNativeTarget;
			buildConfigurationList = BBEC75B04DBB0595D168890D /* Build configuration list for PBXNativeTarget "TuffShieldConfiguration" */;
			buildPhases = (
				137AB7BB79C1FC93DEB7B7ED /* Sources */,
			);
			buildRules = (
			);
			dependencies = (
			);
			name = TuffShieldConfiguration;
			productName = TuffShieldConfiguration;
			productReference = 800FADA069A7C8B05029C021 /* TuffShieldConfiguration.appex */;
			productType = "com.apple.product-type.app-extension";
		};
		307FFB2C2F6506A5A6126A08 /* TuffDeviceActivity */ = {
			isa = PBXNativeTarget;
			buildConfigurationList = BD7A8F89354D0A06755C447E /* Build configuration list for PBXNativeTarget "TuffDeviceActivity" */;
			buildPhases = (
				DA001122334455667788BB10 /* Frameworks */,
				A3AA5DECD6571BCBA8A229FE /* Sources */,
			);
			buildRules = (
			);
			dependencies = (
			);
			name = TuffDeviceActivity;
			productName = TuffDeviceActivity;
			productReference = BFB5002A0F5EC83C64AF1F12 /* TuffDeviceActivity.appex */;
			productType = "com.apple.product-type.app-extension";
		};
		A49E0A94DFAE06CE0E2EBAC4 /* TuffLiveActivity */ = {
			isa = PBXNativeTarget;
			buildConfigurationList = CEB95577430D4D803ED950C2 /* Build configuration list for PBXNativeTarget "TuffLiveActivity" */;
			buildPhases = (
				9CC49A44CE9DEE52D4A66F18 /* Sources */,
				3B4470A85313C313DA3F4268 /* Frameworks */,
				49D9F748193B2BD306EC204B /* Resources */,
			);
			buildRules = (
			);
			dependencies = (
			);
			name = TuffLiveActivity;
			productName = TuffLiveActivity;
			productReference = E6A0D0FFC4C90B02CC795104 /* TuffLiveActivity.appex */;
			productType = "com.apple.product-type.app-extension";
		};
		AEFD1829843980916525923B /* Tuff */ = {
			isa = PBXNativeTarget;
			buildConfigurationList = 533D79DEA5F647B3410E44EF /* Build configuration list for PBXNativeTarget "Tuff" */;
			buildPhases = (
				3F49573F3F86A94349DFD0DE /* Sources */,
				FB001122334455667788AA00 /* Frameworks */,
				93F6DDFE491B96452C9CC06A /* Resources */,
				CC001122334455667788AA04 /* Embed App Extensions */,
				CC001122334455667788BB01 /* Embed Foundation Extensions */,
			);
			buildRules = (
			);
			dependencies = (
				1912B50EE302A98236514896 /* PBXTargetDependency */,
				DA001122334455667788BB30 /* PBXTargetDependency */,
				DA001122334455667788BB31 /* PBXTargetDependency */,
				DA001122334455667788BB32 /* PBXTargetDependency */,
				DA001122334455667788BB33 /* PBXTargetDependency */,
			);
			name = Tuff;
			packageProductDependencies = (
				0F8ECA6E2F67354D0030B373 /* FirebaseAuth */,
				0F8ECA6F2F67354D0030B373 /* FirebaseCore */,
				0F8ECA702F6735740030B373 /* FirebaseFirestore */,
				0F8ECA712F6735740030B374 /* FirebaseStorage */,
			);
			productName = Tuff;
			productReference = 6BA99A1335B787C8FC8504DE /* Tuff.app */;
			productType = "com.apple.product-type.application";
		};
		BB001122334455667788AA0C /* TuffActivityReport */ = {
			isa = PBXNativeTarget;
			buildConfigurationList = BB001122334455667788AA0D /* Build configuration list for PBXNativeTarget "TuffActivityReport" */;
			buildPhases = (
				DD001122334455667788AA03 /* Frameworks */,
				BB001122334455667788AA0E /* Sources */,
			);
			buildRules = (
			);
			dependencies = (
			);
			name = TuffActivityReport;
			productName = TuffActivityReport;
			productReference = BB001122334455667788AA0A /* TuffActivityReport.appex */;
			productType = "com.apple.product-type.app-extension";
		};
		EE001122334455667788AA07 /* TuffShieldAction */ = {
			isa = PBXNativeTarget;
			buildConfigurationList = EE001122334455667788AA11 /* Build configuration list for PBXNativeTarget "TuffShieldAction" */;
			buildPhases = (
				EE001122334455667788AA08 /* Sources */,
			);
			buildRules = (
			);
			dependencies = (
			);
			name = TuffShieldAction;
			productName = TuffShieldAction;
			productReference = EE001122334455667788AA03 /* TuffShieldAction.appex */;
			productType = "com.apple.product-type.app-extension";
		};
/* End PBXNativeTarget section */

/* Begin PBXProject section */
		CACFD2EBBD3ED61D67074E70 /* Project object */ = {
			isa = PBXProject;
			attributes = {
				BuildIndependentTargetsInParallel = YES;
				LastUpgradeCheck = 1500;
				TargetAttributes = {
					23D9EDF1650F12E136CD1A3C = {
						DevelopmentTeam = U2ZQ5ZX9M5;
					};
					307FFB2C2F6506A5A6126A08 = {
						DevelopmentTeam = U2ZQ5ZX9M5;
					};
					BB001122334455667788AA0C = {
						DevelopmentTeam = U2ZQ5ZX9M5;
					};
					EE001122334455667788AA07 = {
						DevelopmentTeam = U2ZQ5ZX9M5;
					};
				};
			};
			buildConfigurationList = D1E68F90D8C127D0AD24419C /* Build configuration list for PBXProject "Tuff" */;
			developmentRegion = en;
			hasScannedForEncodings = 0;
			knownRegions = (
				Base,
				en,
			);
			mainGroup = 4B265213CFBD1196AA730347;
			minimizedProjectReferenceProxies = 1;
			packageReferences = (
				0F8ECA6D2F6730B50030B373 /* XCRemoteSwiftPackageReference "firebase-ios-sdk" */,
			);
			preferredProjectObjectVersion = 77;
			productRefGroup = 5C6CD904F0FCC3C1E192B78F /* Products */;
			projectDirPath = "";
			projectRoot = "";
			targets = (
				AEFD1829843980916525923B /* Tuff */,
				307FFB2C2F6506A5A6126A08 /* TuffDeviceActivity */,
				23D9EDF1650F12E136CD1A3C /* TuffShieldConfiguration */,
				BB001122334455667788AA0C /* TuffActivityReport */,
				EE001122334455667788AA07 /* TuffShieldAction */,
				A49E0A94DFAE06CE0E2EBAC4 /* TuffLiveActivity */,
			);
		};
/* End PBXProject section */

/* Begin PBXResourcesBuildPhase section */
		49D9F748193B2BD306EC204B /* Resources */ = {
			isa = PBXResourcesBuildPhase;
			buildActionMask = 2147483647;
			files = (
			);
			runOnlyForDeploymentPostprocessing = 0;
		};
		93F6DDFE491B96452C9CC06A /* Resources */ = {
			isa = PBXResourcesBuildPhase;
			buildActionMask = 2147483647;
			files = (
				0A186B889D36AC90DDFA6795 /* Assets.xcassets in Resources */,
				FC001122334455667788AA01 /* GoogleService-Info.plist in Resources */,
			);
			runOnlyForDeploymentPostprocessing = 0;
		};
/* End PBXResourcesBuildPhase section */

/* Begin PBXSourcesBuildPhase section */
		137AB7BB79C1FC93DEB7B7ED /* Sources */ = {
			isa = PBXSourcesBuildPhase;
			buildActionMask = 2147483647;
			files = (
				63432C1875B9698339930F04 /* ShieldConfigurationExtension.swift in Sources */,
			);
			runOnlyForDeploymentPostprocessing = 0;
		};
		3F49573F3F86A94349DFD0DE /* Sources */ = {
			isa = PBXSourcesBuildPhase;
			buildActionMask = 2147483647;
			files = (
				FC001122334455667788AA02 /* FeedView.swift in Sources */,
				FC001122334455667788AA04 /* BlockView.swift in Sources */,
				FC001122334455667788AA06 /* SearchView.swift in Sources */,
				FC001122334455667788AA10 /* SettingsView.swift in Sources */,
				D39F08284DAC58B9434BDEC3 /* ContentView.swift in Sources */,
				020A7F4437034D638682A67C /* CreateLeagueView.swift in Sources */,
				E69A83DBACD63B28881AD279 /* FriendCarouselView.swift in Sources */,
				2E76A4C5578CCF17C8ACCC83 /* HomeView.swift in Sources */,
				DB5CD2E5EE6267E98DD8EFAD /* HomeViewModel.swift in Sources */,
				8AD19E016668ACAD309BDDD4 /* LeaderboardRowView.swift in Sources */,
				692F8250FF4D7CC7D6266ED2 /* League.swift in Sources */,
				C5CD3BD3D935F825A5CFD665 /* LeagueCardView.swift in Sources */,
				5D6FCAD3F3FFFD4C3D2B0F58 /* LeagueDetailSheet.swift in Sources */,
				ED17F9694E0EC6B5B0D9B5C9 /* LeagueHistoryRow.swift in Sources */,
				A42D0096EC37EDF5B9FA65D5 /* NotificationManager.swift in Sources */,
				F1B2C3D4E5F60718293A4B5C /* RemoteImageCache.swift in Sources */,
				CBAE30B8B55D133F7DB56CB3 /* ProfileImageView.swift in Sources */,
				FB001122334455667788AB09 /* ImagePicker.swift in Sources */,
				64345E8B3394DC7D010637EE /* ProfileView.swift in Sources */,
				41D6B71DB24452F791025455 /* ProfileViewModel.swift in Sources */,
				1ABF6B47A1E2F9E5BE78DD21 /* ScreenTimeChartView.swift in Sources */,
				AC76B6B6EFF96EB2CBB9CFEC /* ScreenTimeData.swift in Sources */,
				4B64F95A4C14505FFAA06262 /* ScreenTimeManager.swift in Sources */,
				C49F1D7AEB9CA0DF852771CC /* StatsView.swift in Sources */,
				6301672CDC4410D875746673 /* StatsViewModel.swift in Sources */,
				1C73FA4C2D92E1EA0EEF53D0 /* Theme.swift in Sources */,
				50CA41844FAD99B6D9A9FC4D /* TuffApp.swift in Sources */,
				03EEA9C59A36A76A39E29AB3 /* User.swift in Sources */,
				AA001122334455667788AABB /* SharedKeys.swift in Sources */,
				FA001122334455667788AA01 /* AuthViewModel.swift in Sources */,
				FA001122334455667788AA03 /* PhoneSignInView.swift in Sources */,
				FA001122334455667788AA07 /* OnboardingView.swift in Sources */,
				A0BFA49FAB7FF4F98191B316 /* BlockTimerAttributes.swift in Sources */,
			);
			runOnlyForDeploymentPostprocessing = 0;
		};
		9CC49A44CE9DEE52D4A66F18 /* Sources */ = {
			isa = PBXSourcesBuildPhase;
			buildActionMask = 2147483647;
			files = (
				2940612BBEF6E0E74B225164 /* TuffLiveActivity.swift in Sources */,
				5DEBDEAE4DCE78C5F4F98C24 /* BlockTimerAttributes.swift in Sources */,
			);
			runOnlyForDeploymentPostprocessing = 0;
		};
		A3AA5DECD6571BCBA8A229FE /* Sources */ = {
			isa = PBXSourcesBuildPhase;
			buildActionMask = 2147483647;
			files = (
				96FA6E60F06A1E589E8B5328 /* DeviceActivityMonitorExtension.swift in Sources */,
				DA001122334455667788AABB /* SharedKeys.swift in Sources */,
				DA001122334455667788BC02 /* BlockTimerAttributes.swift in Sources */,
			);
			runOnlyForDeploymentPostprocessing = 0;
		};
		BB001122334455667788AA0E /* Sources */ = {
			isa = PBXSourcesBuildPhase;
			buildActionMask = 2147483647;
			files = (
				BB001122334455667788AA01 /* TuffActivityReportApp.swift in Sources */,
				BB001122334455667788AA03 /* TuffDailyReportScene.swift in Sources */,
				BB001122334455667788AA05 /* TuffDailyReportView.swift in Sources */,
				BB001122334455667788AB01 /* SharedKeys.swift in Sources */,
			);
			runOnlyForDeploymentPostprocessing = 0;
		};
		EE001122334455667788AA08 /* Sources */ = {
			isa = PBXSourcesBuildPhase;
			buildActionMask = 2147483647;
			files = (
				EE001122334455667788AA01 /* ShieldActionExtension.swift in Sources */,
			);
			runOnlyForDeploymentPostprocessing = 0;
		};
/* End PBXSourcesBuildPhase section */

/* Begin PBXTargetDependency section */
		1912B50EE302A98236514896 /* PBXTargetDependency */ = {
			isa = PBXTargetDependency;
			name = TuffLiveActivity;
			target = A49E0A94DFAE06CE0E2EBAC4 /* TuffLiveActivity */;
			targetProxy = C5E518437F9A814897E2B72F /* PBXContainerItemProxy */;
		};
		DA001122334455667788BB30 /* PBXTargetDependency */ = {
			isa = PBXTargetDependency;
			name = TuffDeviceActivity;
			target = 307FFB2C2F6506A5A6126A08 /* TuffDeviceActivity */;
			targetProxy = DA001122334455667788BB20 /* PBXContainerItemProxy */;
		};
		DA001122334455667788BB31 /* PBXTargetDependency */ = {
			isa = PBXTargetDependency;
			name = TuffActivityReport;
			target = BB001122334455667788AA0C /* TuffActivityReport */;
			targetProxy = DA001122334455667788BB21 /* PBXContainerItemProxy */;
		};
		DA001122334455667788BB32 /* PBXTargetDependency */ = {
			isa = PBXTargetDependency;
			name = TuffShieldConfiguration;
			target = 23D9EDF1650F12E136CD1A3C /* TuffShieldConfiguration */;
			targetProxy = DA001122334455667788BB22 /* PBXContainerItemProxy */;
		};
		DA001122334455667788BB33 /* PBXTargetDependency */ = {
			isa = PBXTargetDependency;
			name = TuffShieldAction;
			target = EE001122334455667788AA07 /* TuffShieldAction */;
			targetProxy = DA001122334455667788BB23 /* PBXContainerItemProxy */;
		};
/* End PBXTargetDependency section */

/* Begin XCBuildConfiguration section */
		0BCFE7EBC31F5F4B6A9EE93F /* Debug */ = {
			isa = XCBuildConfiguration;
			buildSettings = {
				APPLICATION_EXTENSION_API_ONLY = YES;
				CLANG_ENABLE_OBJC_WEAK = NO;
				CODE_SIGN_ENTITLEMENTS = TuffLiveActivity/TuffLiveActivity.entitlements;
				CODE_SIGN_STYLE = Automatic;
				CURRENT_PROJECT_VERSION = 2;
				DEVELOPMENT_TEAM = U2ZQ5ZX9M5;
				GENERATE_INFOPLIST_FILE = NO;
				INFOPLIST_FILE = TuffLiveActivity/Info.plist;
				IPHONEOS_DEPLOYMENT_TARGET = 17.0;
				LD_RUNPATH_SEARCH_PATHS = (
					"$(inherited)",
					"@executable_path/Frameworks",
					"@executable_path/../../Frameworks",
				);
				MARKETING_VERSION = 1.0;
				PRODUCT_BUNDLE_IDENTIFIER = com.collinboler.tuff.TuffLiveActivity;
				SDKROOT = iphoneos;
				SWIFT_VERSION = 5.9;
				TARGETED_DEVICE_FAMILY = "1,2";
			};
			name = Debug;
		};
		0CAD7CE6AF28B1E8AF67C29D /* Release */ = {
			isa = XCBuildConfiguration;
			buildSettings = {
				ALWAYS_SEARCH_USER_PATHS = NO;
				CLANG_ANALYZER_NONNULL = YES;
				CLANG_ANALYZER_NUMBER_OBJECT_CONVERSION = YES_AGGRESSIVE;
				CLANG_CXX_LANGUAGE_STANDARD = "gnu++14";
				CLANG_CXX_LIBRARY = "libc++";
				CLANG_ENABLE_MODULES = YES;
				CLANG_ENABLE_OBJC_ARC = YES;
				CLANG_ENABLE_OBJC_WEAK = YES;
				CLANG_WARN_BLOCK_CAPTURE_AUTORELEASING = YES;
				CLANG_WARN_BOOL_CONVERSION = YES;
				CLANG_WARN_COMMA = YES;
				CLANG_WARN_CONSTANT_CONVERSION = YES;
				CLANG_WARN_DEPRECATED_OBJC_IMPLEMENTATIONS = YES;
				CLANG_WARN_DIRECT_OBJC_ISA_USAGE = YES_ERROR;
				CLANG_WARN_DOCUMENTATION_COMMENTS = YES;
				CLANG_WARN_EMPTY_BODY = YES;
				CLANG_WARN_ENUM_CONVERSION = YES;
				CLANG_WARN_INFINITE_RECURSION = YES;
				CLANG_WARN_INT_CONVERSION = YES;
				CLANG_WARN_NON_LITERAL_NULL_CONVERSION = YES;
				CLANG_WARN_OBJC_IMPLICIT_RETAIN_SELF = YES;
				CLANG_WARN_OBJC_LITERAL_CONVERSION = YES;
				CLANG_WARN_OBJC_ROOT_CLASS = YES_ERROR;
				CLANG_WARN_QUOTED_INCLUDE_IN_FRAMEWORK_HEADER = YES;
				CLANG_WARN_RANGE_LOOP_ANALYSIS = YES;
				CLANG_WARN_STRICT_PROTOTYPES = YES;
				CLANG_WARN_SUSPICIOUS_MOVE = YES;
				CLANG_WARN_UNGUARDED_AVAILABILITY = YES_AGGRESSIVE;
				CLANG_WARN_UNREACHABLE_CODE = YES;
				CLANG_WARN__DUPLICATE_METHOD_MATCH = YES;
				COPY_PHASE_STRIP = NO;
				DEBUG_INFORMATION_FORMAT = "dwarf-with-dsym";
				DEVELOPMENT_TEAM = U2ZQ5ZX9M5;
				ENABLE_NS_ASSERTIONS = NO;
				ENABLE_STRICT_OBJC_MSGSEND = YES;
				GCC_C_LANGUAGE_STANDARD = gnu11;
				GCC_NO_COMMON_BLOCKS = YES;
				GCC_WARN_64_TO_32_BIT_CONVERSION = YES;
				GCC_WARN_ABOUT_RETURN_TYPE = YES_ERROR;
				GCC_WARN_UNDECLARED_SELECTOR = YES;
				GCC_WARN_UNINITIALIZED_AUTOS = YES_AGGRESSIVE;
				GCC_WARN_UNUSED_FUNCTION = YES;
				GCC_WARN_UNUSED_VARIABLE = YES;
				IPHONEOS_DEPLOYMENT_TARGET = 17.0;
				MTL_ENABLE_DEBUG_INFO = NO;
				MTL_FAST_MATH = YES;
				PRODUCT_NAME = "$(TARGET_NAME)";
				SDKROOT = iphoneos;
				SWIFT_COMPILATION_MODE = wholemodule;
				SWIFT_OPTIMIZATION_LEVEL = "-O";
				SWIFT_VERSION = 5.9;
			};
			name = Release;
		};
		1280E02C693D4CDE3167839B /* Debug */ = {
			isa = XCBuildConfiguration;
			buildSettings = {
				APPLICATION_EXTENSION_API_ONLY = YES;
				CODE_SIGN_ENTITLEMENTS = TuffShieldConfiguration/TuffShieldConfiguration.entitlements;
				CODE_SIGN_STYLE = Automatic;
				CURRENT_PROJECT_VERSION = 2;
				DEVELOPMENT_TEAM = U2ZQ5ZX9M5;
				GENERATE_INFOPLIST_FILE = NO;
				INFOPLIST_FILE = "$(SRCROOT)/TuffShieldConfiguration/Info.plist";
				IPHONEOS_DEPLOYMENT_TARGET = 17.0;
				LD_RUNPATH_SEARCH_PATHS = (
					"$(inherited)",
					"@executable_path/Frameworks",
					"@executable_path/../../Frameworks",
				);
				MARKETING_VERSION = 1.0;
				PRODUCT_BUNDLE_IDENTIFIER = com.collinboler.tuff.ShieldConfiguration;
				SDKROOT = iphoneos;
				SWIFT_VERSION = 5.9;
				TARGETED_DEVICE_FAMILY = "1,2";
			};
			name = Debug;
		};
		786BDD3D426386686067D2CD /* Debug */ = {
			isa = XCBuildConfiguration;
			buildSettings = {
				ALWAYS_SEARCH_USER_PATHS = NO;
				CLANG_ANALYZER_NONNULL = YES;
				CLANG_ANALYZER_NUMBER_OBJECT_CONVERSION = YES_AGGRESSIVE;
				CLANG_CXX_LANGUAGE_STANDARD = "gnu++14";
				CLANG_CXX_LIBRARY = "libc++";
				CLANG_ENABLE_MODULES = YES;
				CLANG_ENABLE_OBJC_ARC = YES;
				CLANG_ENABLE_OBJC_WEAK = YES;
				CLANG_WARN_BLOCK_CAPTURE_AUTORELEASING = YES;
				CLANG_WARN_BOOL_CONVERSION = YES;
				CLANG_WARN_COMMA = YES;
				CLANG_WARN_CONSTANT_CONVERSION = YES;
				CLANG_WARN_DEPRECATED_OBJC_IMPLEMENTATIONS = YES;
				CLANG_WARN_DIRECT_OBJC_ISA_USAGE = YES_ERROR;
				CLANG_WARN_DOCUMENTATION_COMMENTS = YES;
				CLANG_WARN_EMPTY_BODY = YES;
				CLANG_WARN_ENUM_CONVERSION = YES;
				CLANG_WARN_INFINITE_RECURSION = YES;
				CLANG_WARN_INT_CONVERSION = YES;
				CLANG_WARN_NON_LITERAL_NULL_CONVERSION = YES;
				CLANG_WARN_OBJC_IMPLICIT_RETAIN_SELF = YES;
				CLANG_WARN_OBJC_LITERAL_CONVERSION = YES;
				CLANG_WARN_OBJC_ROOT_CLASS = YES_ERROR;
				CLANG_WARN_QUOTED_INCLUDE_IN_FRAMEWORK_HEADER = YES;
				CLANG_WARN_RANGE_LOOP_ANALYSIS = YES;
				CLANG_WARN_STRICT_PROTOTYPES = YES;
				CLANG_WARN_SUSPICIOUS_MOVE = YES;
				CLANG_WARN_UNGUARDED_AVAILABILITY = YES_AGGRESSIVE;
				CLANG_WARN_UNREACHABLE_CODE = YES;
				CLANG_WARN__DUPLICATE_METHOD_MATCH = YES;
				COPY_PHASE_STRIP = NO;
				DEBUG_INFORMATION_FORMAT = dwarf;
				DEVELOPMENT_TEAM = U2ZQ5ZX9M5;
				ENABLE_STRICT_OBJC_MSGSEND = YES;
				ENABLE_TESTABILITY = YES;
				GCC_C_LANGUAGE_STANDARD = gnu11;
				GCC_DYNAMIC_NO_PIC = NO;
				GCC_NO_COMMON_BLOCKS = YES;
				GCC_OPTIMIZATION_LEVEL = 0;
				GCC_PREPROCESSOR_DEFINITIONS = (
					"$(inherited)",
					"DEBUG=1",
				);
				GCC_WARN_64_TO_32_BIT_CONVERSION = YES;
				GCC_WARN_ABOUT_RETURN_TYPE = YES_ERROR;
				GCC_WARN_UNDECLARED_SELECTOR = YES;
				GCC_WARN_UNINITIALIZED_AUTOS = YES_AGGRESSIVE;
				GCC_WARN_UNUSED_FUNCTION = YES;
				GCC_WARN_UNUSED_VARIABLE = YES;
				IPHONEOS_DEPLOYMENT_TARGET = 17.0;
				MTL_ENABLE_DEBUG_INFO = INCLUDE_SOURCE;
				MTL_FAST_MATH = YES;
				ONLY_ACTIVE_ARCH = YES;
				PRODUCT_NAME = "$(TARGET_NAME)";
				SDKROOT = iphoneos;
				SWIFT_ACTIVE_COMPILATION_CONDITIONS = DEBUG;
				SWIFT_OPTIMIZATION_LEVEL = "-Onone";
				SWIFT_VERSION = 5.9;
			};
			name = Debug;
		};
		8572F8C53C0822EEB5B71B15 /* Release */ = {
			isa = XCBuildConfiguration;
			buildSettings = {
				APPLICATION_EXTENSION_API_ONLY = YES;
				CODE_SIGN_ALLOW_ENTITLEMENTS_MODIFICATION = YES;
				CODE_SIGN_ENTITLEMENTS = TuffDeviceActivity/TuffDeviceActivity.entitlements;
				CODE_SIGN_STYLE = Automatic;
				CURRENT_PROJECT_VERSION = 2;
				DEVELOPMENT_TEAM = U2ZQ5ZX9M5;
				GENERATE_INFOPLIST_FILE = NO;
				INFOPLIST_FILE = "$(SRCROOT)/TuffDeviceActivity/Info.plist";
				IPHONEOS_DEPLOYMENT_TARGET = 17.0;
				LD_RUNPATH_SEARCH_PATHS = (
					"$(inherited)",
					"@executable_path/Frameworks",
					"@executable_path/../../Frameworks",
				);
				MARKETING_VERSION = 1.0;
				PRODUCT_BUNDLE_IDENTIFIER = com.collinboler.tuff.DeviceActivity;
				SDKROOT = iphoneos;
				SWIFT_VERSION = 5.9;
				TARGETED_DEVICE_FAMILY = "1,2";
			};
			name = Release;
		};
		A02562BA80ED45270B13EE5F /* Debug */ = {
			isa = XCBuildConfiguration;
			buildSettings = {
				APPLICATION_EXTENSION_API_ONLY = YES;
				CODE_SIGN_ALLOW_ENTITLEMENTS_MODIFICATION = YES;
				CODE_SIGN_ENTITLEMENTS = TuffDeviceActivity/TuffDeviceActivity.entitlements;
				CODE_SIGN_STYLE = Automatic;
				CURRENT_PROJECT_VERSION = 2;
				DEVELOPMENT_TEAM = U2ZQ5ZX9M5;
				GENERATE_INFOPLIST_FILE = NO;
				INFOPLIST_FILE = "$(SRCROOT)/TuffDeviceActivity/Info.plist";
				IPHONEOS_DEPLOYMENT_TARGET = 17.0;
				LD_RUNPATH_SEARCH_PATHS = (
					"$(inherited)",
					"@executable_path/Frameworks",
					"@executable_path/../../Frameworks",
				);
				MARKETING_VERSION = 1.0;
				PRODUCT_BUNDLE_IDENTIFIER = com.collinboler.tuff.DeviceActivity;
				SDKROOT = iphoneos;
				SWIFT_VERSION = 5.9;
				TARGETED_DEVICE_FAMILY = "1,2";
			};
			name = Debug;
		};
		BB001122334455667788AA0F /* Debug */ = {
			isa = XCBuildConfiguration;
			buildSettings = {
				APPLICATION_EXTENSION_API_ONLY = YES;
				CODE_SIGN_ENTITLEMENTS = TuffActivityReport/TuffActivityReport.entitlements;
				CODE_SIGN_STYLE = Automatic;
				CURRENT_PROJECT_VERSION = 2;
				DEVELOPMENT_TEAM = U2ZQ5ZX9M5;
				GENERATE_INFOPLIST_FILE = NO;
				INFOPLIST_FILE = "$(SRCROOT)/TuffActivityReport/Info.plist";
				IPHONEOS_DEPLOYMENT_TARGET = 16.0;
				LD_RUNPATH_SEARCH_PATHS = (
					"$(inherited)",
					"@executable_path/Frameworks",
					"@executable_path/../../Frameworks",
				);
				MARKETING_VERSION = 1.0;
				PRODUCT_BUNDLE_IDENTIFIER = com.collinboler.tuff.ActivityReport;
				SDKROOT = iphoneos;
				SWIFT_VERSION = 5.9;
				TARGETED_DEVICE_FAMILY = "1,2";
			};
			name = Debug;
		};
		BB001122334455667788BB0F /* Release */ = {
			isa = XCBuildConfiguration;
			buildSettings = {
				APPLICATION_EXTENSION_API_ONLY = YES;
				CODE_SIGN_ENTITLEMENTS = TuffActivityReport/TuffActivityReport.entitlements;
				CODE_SIGN_STYLE = Automatic;
				CURRENT_PROJECT_VERSION = 2;
				DEVELOPMENT_TEAM = U2ZQ5ZX9M5;
				GENERATE_INFOPLIST_FILE = NO;
				INFOPLIST_FILE = "$(SRCROOT)/TuffActivityReport/Info.plist";
				IPHONEOS_DEPLOYMENT_TARGET = 16.0;
				LD_RUNPATH_SEARCH_PATHS = (
					"$(inherited)",
					"@executable_path/Frameworks",
					"@executable_path/../../Frameworks",
				);
				MARKETING_VERSION = 1.0;
				PRODUCT_BUNDLE_IDENTIFIER = com.collinboler.tuff.ActivityReport;
				SDKROOT = iphoneos;
				SWIFT_OPTIMIZATION_LEVEL = "-O";
				SWIFT_VERSION = 5.9;
				TARGETED_DEVICE_FAMILY = "1,2";
			};
			name = Release;
		};
		BF6C9A4C5A61FE92D3F9E389 /* Release */ = {
			isa = XCBuildConfiguration;
			buildSettings = {
				ASSETCATALOG_COMPILER_APPICON_NAME = AppIcon;
				ASSETCATALOG_COMPILER_INCLUDE_ALL_APPICON_ASSETS = YES;
				CODE_SIGN_ALLOW_ENTITLEMENTS_MODIFICATION = YES;
				CODE_SIGN_ENTITLEMENTS = Tuff/Tuff.entitlements;
				CODE_SIGN_STYLE = Automatic;
				CURRENT_PROJECT_VERSION = 2;
				DEVELOPMENT_TEAM = U2ZQ5ZX9M5;
				GENERATE_INFOPLIST_FILE = YES;
				INFOPLIST_FILE = "$(SRCROOT)/Tuff/Info.plist";
				INFOPLIST_KEY_CFBundleIconName = AppIcon;
				INFOPLIST_KEY_UIRequiresFullScreen = YES;
				LD_RUNPATH_SEARCH_PATHS = (
					"$(inherited)",
					"@executable_path/Frameworks",
				);
				MARKETING_VERSION = 1.0;
				OTHER_LDFLAGS = "-ObjC";
				PRODUCT_BUNDLE_IDENTIFIER = com.collinboler.tuff;
				SDKROOT = iphoneos;
				TARGETED_DEVICE_FAMILY = 1;
			};
			name = Release;
		};
		D047963DA6D6077B993BF991 /* Debug */ = {
			isa = XCBuildConfiguration;
			buildSettings = {
				ASSETCATALOG_COMPILER_APPICON_NAME = AppIcon;
				ASSETCATALOG_COMPILER_INCLUDE_ALL_APPICON_ASSETS = YES;
				CODE_SIGN_ALLOW_ENTITLEMENTS_MODIFICATION = YES;
				CODE_SIGN_ENTITLEMENTS = Tuff/Tuff.entitlements;
				CODE_SIGN_STYLE = Automatic;
				CURRENT_PROJECT_VERSION = 2;
				DEVELOPMENT_TEAM = U2ZQ5ZX9M5;
				GENERATE_INFOPLIST_FILE = YES;
				INFOPLIST_FILE = "$(SRCROOT)/Tuff/Info.plist";
				INFOPLIST_KEY_CFBundleIconName = AppIcon;
				INFOPLIST_KEY_UIRequiresFullScreen = YES;
				LD_RUNPATH_SEARCH_PATHS = (
					"$(inherited)",
					"@executable_path/Frameworks",
				);
				MARKETING_VERSION = 1.0;
				OTHER_LDFLAGS = "-ObjC";
				PRODUCT_BUNDLE_IDENTIFIER = com.collinboler.tuff;
				SDKROOT = iphoneos;
				TARGETED_DEVICE_FAMILY = 1;
			};
			name = Debug;
		};
		EDED5559AEECD19520366DCC /* Release */ = {
			isa = XCBuildConfiguration;
			buildSettings = {
				APPLICATION_EXTENSION_API_ONLY = YES;
				CLANG_ENABLE_OBJC_WEAK = NO;
				CODE_SIGN_ENTITLEMENTS = TuffLiveActivity/TuffLiveActivity.entitlements;
				CODE_SIGN_STYLE = Automatic;
				CURRENT_PROJECT_VERSION = 2;
				DEVELOPMENT_TEAM = U2ZQ5ZX9M5;
				GENERATE_INFOPLIST_FILE = NO;
				INFOPLIST_FILE = TuffLiveActivity/Info.plist;
				IPHONEOS_DEPLOYMENT_TARGET = 17.0;
				LD_RUNPATH_SEARCH_PATHS = (
					"$(inherited)",
					"@executable_path/Frameworks",
					"@executable_path/../../Frameworks",
				);
				MARKETING_VERSION = 1.0;
				PRODUCT_BUNDLE_IDENTIFIER = com.collinboler.tuff.TuffLiveActivity;
				SDKROOT = iphoneos;
				SWIFT_VERSION = 5.9;
				TARGETED_DEVICE_FAMILY = "1,2";
				VALIDATE_PRODUCT = YES;
			};
			name = Release;
		};
		EE001122334455667788AA09 /* Debug */ = {
			isa = XCBuildConfiguration;
			buildSettings = {
				APPLICATION_EXTENSION_API_ONLY = YES;
				CODE_SIGN_ENTITLEMENTS = TuffShieldAction/TuffShieldAction.entitlements;
				CODE_SIGN_STYLE = Automatic;
				CURRENT_PROJECT_VERSION = 2;
				DEVELOPMENT_TEAM = U2ZQ5ZX9M5;
				GENERATE_INFOPLIST_FILE = NO;
				INFOPLIST_FILE = TuffShieldAction/Info.plist;
				IPHONEOS_DEPLOYMENT_TARGET = 17.0;
				LD_RUNPATH_SEARCH_PATHS = (
					"$(inherited)",
					"@executable_path/Frameworks",
					"@executable_path/../../Frameworks",
				);
				MARKETING_VERSION = 1.0;
				PRODUCT_BUNDLE_IDENTIFIER = com.collinboler.tuff.ShieldAction;
				SDKROOT = iphoneos;
				SWIFT_VERSION = 5.9;
				TARGETED_DEVICE_FAMILY = "1,2";
			};
			name = Debug;
		};
		EE001122334455667788AA10 /* Release */ = {
			isa = XCBuildConfiguration;
			buildSettings = {
				APPLICATION_EXTENSION_API_ONLY = YES;
				CODE_SIGN_ENTITLEMENTS = TuffShieldAction/TuffShieldAction.entitlements;
				CODE_SIGN_STYLE = Automatic;
				CURRENT_PROJECT_VERSION = 2;
				DEVELOPMENT_TEAM = U2ZQ5ZX9M5;
				GENERATE_INFOPLIST_FILE = NO;
				INFOPLIST_FILE = TuffShieldAction/Info.plist;
				IPHONEOS_DEPLOYMENT_TARGET = 17.0;
				LD_RUNPATH_SEARCH_PATHS = (
					"$(inherited)",
					"@executable_path/Frameworks",
					"@executable_path/../../Frameworks",
				);
				MARKETING_VERSION = 1.0;
				PRODUCT_BUNDLE_IDENTIFIER = com.collinboler.tuff.ShieldAction;
				SDKROOT = iphoneos;
				SWIFT_VERSION = 5.9;
				TARGETED_DEVICE_FAMILY = "1,2";
			};
			name = Release;
		};
		F54A3BC8AECE1DD7A4A4C428 /* Release */ = {
			isa = XCBuildConfiguration;
			buildSettings = {
				APPLICATION_EXTENSION_API_ONLY = YES;
				CODE_SIGN_ENTITLEMENTS = TuffShieldConfiguration/TuffShieldConfiguration.entitlements;
				CODE_SIGN_STYLE = Automatic;
				CURRENT_PROJECT_VERSION = 2;
				DEVELOPMENT_TEAM = U2ZQ5ZX9M5;
				GENERATE_INFOPLIST_FILE = NO;
				INFOPLIST_FILE = "$(SRCROOT)/TuffShieldConfiguration/Info.plist";
				IPHONEOS_DEPLOYMENT_TARGET = 17.0;
				LD_RUNPATH_SEARCH_PATHS = (
					"$(inherited)",
					"@executable_path/Frameworks",
					"@executable_path/../../Frameworks",
				);
				MARKETING_VERSION = 1.0;
				PRODUCT_BUNDLE_IDENTIFIER = com.collinboler.tuff.ShieldConfiguration;
				SDKROOT = iphoneos;
				SWIFT_VERSION = 5.9;
				TARGETED_DEVICE_FAMILY = "1,2";
			};
			name = Release;
		};
/* End XCBuildConfiguration section */

/* Begin XCConfigurationList section */
		533D79DEA5F647B3410E44EF /* Build configuration list for PBXNativeTarget "Tuff" */ = {
			isa = XCConfigurationList;
			buildConfigurations = (
				D047963DA6D6077B993BF991 /* Debug */,
				BF6C9A4C5A61FE92D3F9E389 /* Release */,
			);
			defaultConfigurationIsVisible = 0;
			defaultConfigurationName = Debug;
		};
		BB001122334455667788AA0D /* Build configuration list for PBXNativeTarget "TuffActivityReport" */ = {
			isa = XCConfigurationList;
			buildConfigurations = (
				BB001122334455667788AA0F /* Debug */,
				BB001122334455667788BB0F /* Release */,
			);
			defaultConfigurationIsVisible = 0;
			defaultConfigurationName = Debug;
		};
		BBEC75B04DBB0595D168890D /* Build configuration list for PBXNativeTarget "TuffShieldConfiguration" */ = {
			isa = XCConfigurationList;
			buildConfigurations = (
				1280E02C693D4CDE3167839B /* Debug */,
				F54A3BC8AECE1DD7A4A4C428 /* Release */,
			);
			defaultConfigurationIsVisible = 0;
			defaultConfigurationName = Debug;
		};
		BD7A8F89354D0A06755C447E /* Build configuration list for PBXNativeTarget "TuffDeviceActivity" */ = {
			isa = XCConfigurationList;
			buildConfigurations = (
				A02562BA80ED45270B13EE5F /* Debug */,
				8572F8C53C0822EEB5B71B15 /* Release */,
			);
			defaultConfigurationIsVisible = 0;
			defaultConfigurationName = Debug;
		};
		CEB95577430D4D803ED950C2 /* Build configuration list for PBXNativeTarget "TuffLiveActivity" */ = {
			isa = XCConfigurationList;
			buildConfigurations = (
				EDED5559AEECD19520366DCC /* Release */,
				0BCFE7EBC31F5F4B6A9EE93F /* Debug */,
			);
			defaultConfigurationIsVisible = 0;
			defaultConfigurationName = Release;
		};
		D1E68F90D8C127D0AD24419C /* Build configuration list for PBXProject "Tuff" */ = {
			isa = XCConfigurationList;
			buildConfigurations = (
				786BDD3D426386686067D2CD /* Debug */,
				0CAD7CE6AF28B1E8AF67C29D /* Release */,
			);
			defaultConfigurationIsVisible = 0;
			defaultConfigurationName = Debug;
		};
		EE001122334455667788AA11 /* Build configuration list for PBXNativeTarget "TuffShieldAction" */ = {
			isa = XCConfigurationList;
			buildConfigurations = (
				EE001122334455667788AA09 /* Debug */,
				EE001122334455667788AA10 /* Release */,
			);
			defaultConfigurationIsVisible = 0;
			defaultConfigurationName = Release;
		};
/* End XCConfigurationList section */

/* Begin XCRemoteSwiftPackageReference section */
		0F8ECA6D2F6730B50030B373 /* XCRemoteSwiftPackageReference "firebase-ios-sdk" */ = {
			isa = XCRemoteSwiftPackageReference;
			repositoryURL = "https://github.com/firebase/firebase-ios-sdk";
			requirement = {
				kind = upToNextMajorVersion;
				minimumVersion = 12.10.0;
			};
		};
/* End XCRemoteSwiftPackageReference section */

/* Begin XCSwiftPackageProductDependency section */
		0F8ECA6E2F67354D0030B373 /* FirebaseAuth */ = {
			isa = XCSwiftPackageProductDependency;
			package = 0F8ECA6D2F6730B50030B373 /* XCRemoteSwiftPackageReference "firebase-ios-sdk" */;
			productName = FirebaseAuth;
		};
		0F8ECA6F2F67354D0030B373 /* FirebaseCore */ = {
			isa = XCSwiftPackageProductDependency;
			package = 0F8ECA6D2F6730B50030B373 /* XCRemoteSwiftPackageReference "firebase-ios-sdk" */;
			productName = FirebaseCore;
		};
		0F8ECA702F6735740030B373 /* FirebaseFirestore */ = {
			isa = XCSwiftPackageProductDependency;
			package = 0F8ECA6D2F6730B50030B373 /* XCRemoteSwiftPackageReference "firebase-ios-sdk" */;
			productName = FirebaseFirestore;
		};
		0F8ECA712F6735740030B374 /* FirebaseStorage */ = {
			isa = XCSwiftPackageProductDependency;
			package = 0F8ECA6D2F6730B50030B373 /* XCRemoteSwiftPackageReference "firebase-ios-sdk" */;
			productName = FirebaseStorage;
		};
/* End XCSwiftPackageProductDependency section */
	};
	rootObject = CACFD2EBBD3ED61D67074E70 /* Project object */;
}
